
Microsoft Visual Studio Solution File, Format Version 12.00
# Visual Studio 15
VisualStudioVersion = 15.0.27004.2010
MinimumVisualStudioVersion = 10.0.40219.1
Project("{FAE04EC0-301F-11D3-BF4B-00C04F79EFBC}") = "TestParent", "TestParent\TestParent.csproj", "{6668D8F4-0059-4687-9717-77B2DD614FD8}"
EndProject
Global
	GlobalSection(SolutionConfigurationPlatforms) = preSolution
		Debug|Any CPU = Debug|Any CPU
		Release|Any CPU = Release|Any CPU
	EndGlobalSection
	GlobalSection(ProjectConfigurationPlatforms) = postSolution
		{6668D8F4-0059-4687-9717-77B2DD614FD8}.Debug|Any CPU.ActiveCfg = Debug|Any CPU
		{6668D8F4-0059-4687-9717-77B2DD614FD8}.Debug|Any CPU.Build.0 = Debug|Any CPU
		{6668D8F4-0059-4687-9717-77B2DD614FD8}.Release|Any CPU.ActiveCfg = Release|Any CPU
		{6668D8F4-0059-4687-9717-77B2DD614FD8}.Release|Any CPU.Build.0 = Release|Any CPU
	EndGlobalSection
	GlobalSection(SolutionProperties) = preSolution
		HideSolutionNode = FALSE
	EndGlobalSection
	GlobalSection(ExtensibilityGlobals) = postSolution
		SolutionGuid = {939F6CF2-6226-4D34-8B4A-D6279DB6C733}
	EndGlobalSection
EndGlobal
